
Microsoft Visual Studio Solution File, Format Version 12.00
# Visual Studio Version 17
VisualStudioVersion = 17.10.35004.147
MinimumVisualStudioVersion = 10.0.40219.1
Project("{9A19103F-16F7-4668-BE54-9A1E7A4F7556}") = "SIMS", "SIMS.csproj", "{AB4D56A2-9985-4124-A261-906498728A9B}"
EndProject
Project("{9A19103F-16F7-4668-BE54-9A1E7A4F7556}") = "SIMS_APIs", "..\SIMS_APIs\SIMS_APIs.csproj", "{3C2979B6-CD20-4051-B356-ADC0D1BEA26E}"
EndProject
Global
	GlobalSection(SolutionConfigurationPlatforms) = preSolution
		Debug|Any CPU = Debug|Any CPU
		Release|Any CPU = Release|Any CPU
	EndGlobalSection
	GlobalSection(ProjectConfigurationPlatforms) = postSolution
		{AB4D56A2-9985-4124-A261-906498728A9B}.Debug|Any CPU.ActiveCfg = Debug|Any CPU
		{AB4D56A2-9985-4124-A261-906498728A9B}.Debug|Any CPU.Build.0 = Debug|Any CPU
		{AB4D56A2-9985-4124-A261-906498728A9B}.Release|Any CPU.ActiveCfg = Release|Any CPU
		{AB4D56A2-9985-4124-A261-906498728A9B}.Release|Any CPU.Build.0 = Release|Any CPU
		{3C2979B6-CD20-4051-B356-ADC0D1BEA26E}.Debug|Any CPU.ActiveCfg = Debug|Any CPU
		{3C2979B6-CD20-4051-B356-ADC0D1BEA26E}.Debug|Any CPU.Build.0 = Debug|Any CPU
		{3C2979B6-CD20-4051-B356-ADC0D1BEA26E}.Release|Any CPU.ActiveCfg = Release|Any CPU
		{3C2979B6-CD20-4051-B356-ADC0D1BEA26E}.Release|Any CPU.Build.0 = Release|Any CPU
	EndGlobalSection
	GlobalSection(SolutionProperties) = preSolution
		HideSolutionNode = FALSE
	EndGlobalSection
	GlobalSection(ExtensibilityGlobals) = postSolution
		SolutionGuid = {12790236-B72D-4FC4-853D-0AF519D1B341}
	EndGlobalSection
EndGlobal
